// !$*UTF8*$!
{
	archiveVersion = 1;
	classes = {
	};
	objectVersion = 46;
	objects = {

/* Begin PBXBuildFile section */
		04D2F3071C1BB254004673D5 /* Foundation.framework in Frameworks */ = {isa = PBXBuildFile; fileRef = 04D2F3061C1BB254004673D5 /* Foundation.framework */; };
		04D2F3091C1BB254004673D5 /* CoreGraphics.framework in Frameworks */ = {isa = PBXBuildFile; fileRef = 04D2F3081C1BB254004673D5 /* CoreGraphics.framework */; };
		04D2F30B1C1BB254004673D5 /* UIKit.framework in Frameworks */ = {isa = PBXBuildFile; fileRef = 04D2F30A1C1BB254004673D5 /* UIKit.framework */; };
		04D2F3111C1BB254004673D5 /* InfoPlist.strings in Resources */ = {isa = PBXBuildFile; fileRef = 04D2F30F1C1BB254004673D5 /* InfoPlist.strings */; };
		04D2F3131C1BB254004673D5 /* main.m in Sources */ = {isa = PBXBuildFile; fileRef = 04D2F3121C1BB254004673D5 /* main.m */; };
		04D2F3171C1BB254004673D5 /* AppDelegate.m in Sources */ = {isa = PBXBuildFile; fileRef = 04D2F3161C1BB254004673D5 /* AppDelegate.m */; };
		04D2F31A1C1BB254004673D5 /* Main.storyboard in Resources */ = {isa = PBXBuildFile; fileRef = 04D2F3181C1BB254004673D5 /* Main.storyboard */; };
		04D2F31D1C1BB254004673D5 /* ViewController.m in Sources */ = {isa = PBXBuildFile; fileRef = 04D2F31C1C1BB254004673D5 /* ViewController.m */; };
		04D2F31F1C1BB254004673D5 /* Images.xcassets in Resources */ = {isa = PBXBuildFile; fileRef = 04D2F31E1C1BB254004673D5 /* Images.xcassets */; };
		04D2F3261C1BB254004673D5 /* XCTest.framework in Frameworks */ = {isa = PBXBuildFile; fileRef = 04D2F3251C1BB254004673D5 /* XCTest.framework */; };
		04D2F3271C1BB254004673D5 /* Foundation.framework in Frameworks */ = {isa = PBXBuildFile; fileRef = 04D2F3061C1BB254004673D5 /* Foundation.framework */; };
		04D2F3281C1BB254004673D5 /* UIKit.framework in Frameworks */ = {isa = PBXBuildFile; fileRef = 04D2F30A1C1BB254004673D5 /* UIKit.framework */; };
		04D2F3301C1BB254004673D5 /* InfoPlist.strings in Resources */ = {isa = PBXBuildFile; fileRef = 04D2F32E1C1BB254004673D5 /* InfoPlist.strings */; };
		04D2F3321C1BB254004673D5 /* UIBarTests.m in Sources */ = {isa = PBXBuildFile; fileRef = 04D2F3311C1BB254004673D5 /* UIBarTests.m */; };
		04D2F33E1C1BB86D004673D5 /* FirstViewController.m in Sources */ = {isa = PBXBuildFile; fileRef = 04D2F33C1C1BB86D004673D5 /* FirstViewController.m */; };
		04D2F33F1C1BB86D004673D5 /* FirstViewController.xib in Resources */ = {isa = PBXBuildFile; fileRef = 04D2F33D1C1BB86D004673D5 /* FirstViewController.xib */; };
		04D2F3431C1BB87D004673D5 /* SecondViewController.m in Sources */ = {isa = PBXBuildFile; fileRef = 04D2F3411C1BB87D004673D5 /* SecondViewController.m */; };
		04D2F3441C1BB87D004673D5 /* SecondViewController.xib in Resources */ = {isa = PBXBuildFile; fileRef = 04D2F3421C1BB87D004673D5 /* SecondViewController.xib */; };
		04D2F3461C1BBEE1004673D5 /* news@2x.png in Resources */ = {isa = PBXBuildFile; fileRef = 04D2F3451C1BBEE1004673D5 /* news@2x.png */; };
		04D2F3481C1BBF70004673D5 /* file@2x.png in Resources */ = {isa = PBXBuildFile; fileRef = 04D2F3471C1BBF70004673D5 /* file@2x.png */; };
		04D2F34C1C1BC5AF004673D5 /* ThirdViewController.m in Sources */ = {isa = PBXBuildFile; fileRef = 04D2F34A1C1BC5AF004673D5 /* ThirdViewController.m */; };
		04D2F34D1C1BC5AF004673D5 /* ThirdViewController.xib in Resources */ = {isa = PBXBuildFile; fileRef = 04D2F34B1C1BC5AF004673D5 /* ThirdViewController.xib */; };
/* End PBXBuildFile section */

/* Begin PBXContainerItemProxy section */
		04D2F3291C1BB254004673D5 /* PBXContainerItemProxy */ = {
			isa = PBXContainerItemProxy;
			containerPortal = 04D2F2FB1C1BB254004673D5 /* Project object */;
			proxyType = 1;
			remoteGlobalIDString = 04D2F3021C1BB254004673D5;
			remoteInfo = UIBar;
		};
/* End PBXContainerItemProxy section */

/* Begin PBXFileReference section */
		04D2F3031C1BB254004673D5 /* UIBar.app */ = {isa = PBXFileReference; explicitFileType = wrapper.application; includeInIndex = 0; path = UIBar.app; sourceTree = BUILT_PRODUCTS_DIR; };
		04D2F3061C1BB254004673D5 /* Foundation.framework */ = {isa = PBXFileReference; lastKnownFileType = wrapper.framework; name = Foundation.framework; path = System/Library/Frameworks/Foundation.framework; sourceTree = SDKROOT; };
		04D2F3081C1BB254004673D5 /* CoreGraphics.framework */ = {isa = PBXFileReference; lastKnownFileType = wrapper.framework; name = CoreGraphics.framework; path = System/Library/Frameworks/CoreGraphics.framework; sourceTree = SDKROOT; };
		04D2F30A1C1BB254004673D5 /* UIKit.framework */ = {isa = PBXFileReference; lastKnownFileType = wrapper.framework; name = UIKit.framework; path = System/Library/Frameworks/UIKit.framework; sourceTree = SDKROOT; };
		04D2F30E1C1BB254004673D5 /* UIBar-Info.plist */ = {isa = PBXFileReference; lastKnownFileType = text.plist.xml; path = "UIBar-Info.plist"; sourceTree = "<group>"; };
		04D2F3101C1BB254004673D5 /* en */ = {isa = PBXFileReference; lastKnownFileType = text.plist.strings; name = en; path = en.lproj/InfoPlist.strings; sourceTree = "<group>"; };
		04D2F3121C1BB254004673D5 /* main.m */ = {isa = PBXFileReference; lastKnownFileType = sourcecode.c.objc; path = main.m; sourceTree = "<group>"; };
		04D2F3141C1BB254004673D5 /* UIBar-Prefix.pch */ = {isa = PBXFileReference; lastKnownFileType = sourcecode.c.h; path = "UIBar-Prefix.pch"; sourceTree = "<group>"; };
		04D2F3151C1BB254004673D5 /* AppDelegate.h */ = {isa = PBXFileReference; lastKnownFileType = sourcecode.c.h; path = AppDelegate.h; sourceTree = "<group>"; };
		04D2F3161C1BB254004673D5 /* AppDelegate.m */ = {isa = PBXFileReference; lastKnownFileType = sourcecode.c.objc; path = AppDelegate.m; sourceTree = "<group>"; };
		04D2F3191C1BB254004673D5 /* Base */ = {isa = PBXFileReference; lastKnownFileType = file.storyboard; name = Base; path = Base.lproj/Main.storyboard; sourceTree = "<group>"; };
		04D2F31B1C1BB254004673D5 /* ViewController.h */ = {isa = PBXFileReference; lastKnownFileType = sourcecode.c.h; path = ViewController.h; sourceTree = "<group>"; };
		04D2F31C1C1BB254004673D5 /* ViewController.m */ = {isa = PBXFileReference; lastKnownFileType = sourcecode.c.objc; path = ViewController.m; sourceTree = "<group>"; };
		04D2F31E1C1BB254004673D5 /* Images.xcassets */ = {isa = PBXFileReference; lastKnownFileType = folder.assetcatalog; path = Images.xcassets; sourceTree = "<group>"; };
		04D2F3241C1BB254004673D5 /* UIBarTests.xctest */ = {isa = PBXFileReference; explicitFileType = wrapper.cfbundle; includeInIndex = 0; path = UIBarTests.xctest; sourceTree = BUILT_PRODUCTS_DIR; };
		04D2F3251C1BB254004673D5 /* XCTest.framework */ = {isa = PBXFileReference; lastKnownFileType = wrapper.framework; name = XCTest.framework; path = Library/Frameworks/XCTest.framework; sourceTree = DEVELOPER_DIR; };
		04D2F32D1C1BB254004673D5 /* UIBarTests-Info.plist */ = {isa = PBXFileReference; lastKnownFileType = text.plist.xml; path = "UIBarTests-Info.plist"; sourceTree = "<group>"; };
		04D2F32F1C1BB254004673D5 /* en */ = {isa = PBXFileReference; lastKnownFileType = text.plist.strings; name = en; path = en.lproj/InfoPlist.strings; sourceTree = "<group>"; };
		04D2F3311C1BB254004673D5 /* UIBarTests.m */ = {isa = PBXFileReference; lastKnownFileType = sourcecode.c.objc; path = UIBarTests.m; sourceTree = "<group>"; };
		04D2F33B1C1BB86D004673D5 /* FirstViewController.h */ = {isa = PBXFileReference; fileEncoding = 4; lastKnownFileType = sourcecode.c.h; path = FirstViewController.h; sourceTree = "<group>"; };
		04D2F33C1C1BB86D004673D5 /* FirstViewController.m */ = {isa = PBXFileReference; fileEncoding = 4; lastKnownFileType = sourcecode.c.objc; path = FirstViewController.m; sourceTree = "<group>"; };
		04D2F33D1C1BB86D004673D5 /* FirstViewController.xib */ = {isa = PBXFileReference; fileEncoding = 4; lastKnownFileType = file.xib; path = FirstViewController.xib; sourceTree = "<group>"; };
		04D2F3401C1BB87D004673D5 /* SecondViewController.h */ = {isa = PBXFileReference; fileEncoding = 4; lastKnownFileType = sourcecode.c.h; path = SecondViewController.h; sourceTree = "<group>"; };
		04D2F3411C1BB87D004673D5 /* SecondViewController.m */ = {isa = PBXFileReference; fileEncoding = 4; lastKnownFileType = sourcecode.c.objc; path = SecondViewController.m; sourceTree = "<group>"; };
		04D2F3421C1BB87D004673D5 /* SecondViewController.xib */ = {isa = PBXFileReference; fileEncoding = 4; lastKnownFileType = file.xib; path = SecondViewController.xib; sourceTree = "<group>"; };
		04D2F3451C1BBEE1004673D5 /* news@2x.png */ = {isa = PBXFileReference; lastKnownFileType = image.png; path = "news@2x.png"; sourceTree = "<group>"; };
		04D2F3471C1BBF70004673D5 /* file@2x.png */ = {isa = PBXFileReference; lastKnownFileType = image.png; path = "file@2x.png"; sourceTree = "<group>"; };
		04D2F3491C1BC5AF004673D5 /* ThirdViewController.h */ = {isa = PBXFileReference; fileEncoding = 4; lastKnownFileType = sourcecode.c.h; path = ThirdViewController.h; sourceTree = "<group>"; };
		04D2F34A1C1BC5AF004673D5 /* ThirdViewController.m */ = {isa = PBXFileReference; fileEncoding = 4; lastKnownFileType = sourcecode.c.objc; path = ThirdViewController.m; sourceTree = "<group>"; };
		04D2F34B1C1BC5AF004673D5 /* ThirdViewController.xib */ = {isa = PBXFileReference; fileEncoding = 4; lastKnownFileType = file.xib; path = ThirdViewController.xib; sourceTree = "<group>"; };
/* End PBXFileReference section */

/* Begin PBXFrameworksBuildPhase section */
		04D2F3001C1BB254004673D5 /* Frameworks */ = {
			isa = PBXFrameworksBuildPhase;
			buildActionMask = 2147483647;
			files = (
				04D2F3091C1BB254004673D5 /* CoreGraphics.framework in Frameworks */,
				04D2F30B1C1BB254004673D5 /* UIKit.framework in Frameworks */,
				04D2F3071C1BB254004673D5 /* Foundation.framework in Frameworks */,
			);
			runOnlyForDeploymentPostprocessing = 0;
		};
		04D2F3211C1BB254004673D5 /* Frameworks */ = {
			isa = PBXFrameworksBuildPhase;
			buildActionMask = 2147483647;
			files = (
				04D2F3261C1BB254004673D5 /* XCTest.framework in Frameworks */,
				04D2F3281C1BB254004673D5 /* UIKit.framework in Frameworks */,
				04D2F3271C1BB254004673D5 /* Foundation.framework in Frameworks */,
			);
			runOnlyForDeploymentPostprocessing = 0;
		};
/* End PBXFrameworksBuildPhase section */

/* Begin PBXGroup section */
		04D2F2FA1C1BB254004673D5 = {
			isa = PBXGroup;
			children = (
				04D2F30C1C1BB254004673D5 /* UIBar */,
				04D2F32B1C1BB254004673D5 /* UIBarTests */,
				04D2F3051C1BB254004673D5 /* Frameworks */,
				04D2F3041C1BB254004673D5 /* Products */,
			);
			sourceTree = "<group>";
		};
		04D2F3041C1BB254004673D5 /* Products */ = {
			isa = PBXGroup;
			children = (
				04D2F3031C1BB254004673D5 /* UIBar.app */,
				04D2F3241C1BB254004673D5 /* UIBarTests.xctest */,
			);
			name = Products;
			sourceTree = "<group>";
		};
		04D2F3051C1BB254004673D5 /* Frameworks */ = {
			isa = PBXGroup;
			children = (
				04D2F3061C1BB254004673D5 /* Foundation.framework */,
				04D2F3081C1BB254004673D5 /* CoreGraphics.framework */,
				04D2F30A1C1BB254004673D5 /* UIKit.framework */,
				04D2F3251C1BB254004673D5 /* XCTest.framework */,
			);
			name = Frameworks;
			sourceTree = "<group>";
		};
		04D2F30C1C1BB254004673D5 /* UIBar */ = {
			isa = PBXGroup;
			children = (
				04D2F3471C1BBF70004673D5 /* file@2x.png */,
				04D2F3451C1BBEE1004673D5 /* news@2x.png */,
				04D2F3151C1BB254004673D5 /* AppDelegate.h */,
				04D2F3161C1BB254004673D5 /* AppDelegate.m */,
				04D2F3181C1BB254004673D5 /* Main.storyboard */,
				04D2F31B1C1BB254004673D5 /* ViewController.h */,
				04D2F31C1C1BB254004673D5 /* ViewController.m */,
				04D2F33B1C1BB86D004673D5 /* FirstViewController.h */,
				04D2F33C1C1BB86D004673D5 /* FirstViewController.m */,
				04D2F33D1C1BB86D004673D5 /* FirstViewController.xib */,
				04D2F3401C1BB87D004673D5 /* SecondViewController.h */,
				04D2F3411C1BB87D004673D5 /* SecondViewController.m */,
				04D2F3421C1BB87D004673D5 /* SecondViewController.xib */,
				04D2F3491C1BC5AF004673D5 /* ThirdViewController.h */,
				04D2F34A1C1BC5AF004673D5 /* ThirdViewController.m */,
				04D2F34B1C1BC5AF004673D5 /* ThirdViewController.xib */,
				04D2F31E1C1BB254004673D5 /* Images.xcassets */,
				04D2F30D1C1BB254004673D5 /* Supporting Files */,
			);
			path = UIBar;
			sourceTree = "<group>";
		};
		04D2F30D1C1BB254004673D5 /* Supporting Files */ = {
			isa = PBXGroup;
			children = (
				04D2F30E1C1BB254004673D5 /* UIBar-Info.plist */,
				04D2F30F1C1BB254004673D5 /* InfoPlist.strings */,
				04D2F3121C1BB254004673D5 /* main.m */,
				04D2F3141C1BB254004673D5 /* UIBar-Prefix.pch */,
			);
			name = "Supporting Files";
			sourceTree = "<group>";
		};
		04D2F32B1C1BB254004673D5 /* UIBarTests */ = {
			isa = PBXGroup;
			children = (
				04D2F3311C1BB254004673D5 /* UIBarTests.m */,
				04D2F32C1C1BB254004673D5 /* Supporting Files */,
			);
			path = UIBarTests;
			sourceTree = "<group>";
		};
		04D2F32C1C1BB254004673D5 /* Supporting Files */ = {
			isa = PBXGroup;
			children = (
				04D2F32D1C1BB254004673D5 /* UIBarTests-Info.plist */,
				04D2F32E1C1BB254004673D5 /* InfoPlist.strings */,
			);
			name = "Supporting Files";
			sourceTree = "<group>";
		};
/* End PBXGroup section */

/* Begin PBXNativeTarget section */
		04D2F3021C1BB254004673D5 /* UIBar */ = {
			isa = PBXNativeTarget;
			buildConfigurationList = 04D2F3351C1BB254004673D5 /* Build configuration list for PBXNativeTarget "UIBar" */;
			buildPhases = (
				04D2F2FF1C1BB254004673D5 /* Sources */,
				04D2F3001C1BB254004673D5 /* Frameworks */,
				04D2F3011C1BB254004673D5 /* Resources */,
			);
			buildRules = (
			);
			dependencies = (
			);
			name = UIBar;
			productName = UIBar;
			productReference = 04D2F3031C1BB254004673D5 /* UIBar.app */;
			productType = "com.apple.product-type.application";
		};
		04D2F3231C1BB254004673D5 /* UIBarTests */ = {
			isa = PBXNativeTarget;
			buildConfigurationList = 04D2F3381C1BB254004673D5 /* Build configuration list for PBXNativeTarget "UIBarTests" */;
			buildPhases = (
				04D2F3201C1BB254004673D5 /* Sources */,
				04D2F3211C1BB254004673D5 /* Frameworks */,
				04D2F3221C1BB254004673D5 /* Resources */,
			);
			buildRules = (
			);
			dependencies = (
				04D2F32A1C1BB254004673D5 /* PBXTargetDependency */,
			);
			name = UIBarTests;
			productName = UIBarTests;
			productReference = 04D2F3241C1BB254004673D5 /* UIBarTests.xctest */;
			productType = "com.apple.product-type.bundle.unit-test";
		};
/* End PBXNativeTarget section */

/* Begin PBXProject section */
		04D2F2FB1C1BB254004673D5 /* Project object */ = {
			isa = PBXProject;
			attributes = {
				LastUpgradeCheck = 0510;
				ORGANIZATIONNAME = WuXiaoChuang;
				TargetAttributes = {
					04D2F3231C1BB254004673D5 = {
						TestTargetID = 04D2F3021C1BB254004673D5;
					};
				};
			};
			buildConfigurationList = 04D2F2FE1C1BB254004673D5 /* Build configuration list for PBXProject "UIBar" */;
			compatibilityVersion = "Xcode 3.2";
			developmentRegion = English;
			hasScannedForEncodings = 0;
			knownRegions = (
				en,
				Base,
			);
			mainGroup = 04D2F2FA1C1BB254004673D5;
			productRefGroup = 04D2F3041C1BB254004673D5 /* Products */;
			projectDirPath = "";
			projectRoot = "";
			targets = (
				04D2F3021C1BB254004673D5 /* UIBar */,
				04D2F3231C1BB254004673D5 /* UIBarTests */,
			);
		};
/* End PBXProject section */

/* Begin PBXResourcesBuildPhase section */
		04D2F3011C1BB254004673D5 /* Resources */ = {
			isa = PBXResourcesBuildPhase;
			buildActionMask = 2147483647;
			files = (
				04D2F3481C1BBF70004673D5 /* file@2x.png in Resources */,
				04D2F31F1C1BB254004673D5 /* Images.xcassets in Resources */,
				04D2F34D1C1BC5AF004673D5 /* ThirdViewController.xib in Resources */,
				04D2F3111C1BB254004673D5 /* InfoPlist.strings in Resources */,
				04D2F31A1C1BB254004673D5 /* Main.storyboard in Resources */,
				04D2F33F1C1BB86D004673D5 /* FirstViewController.xib in Resources */,
				04D2F3441C1BB87D004673D5 /* SecondViewController.xib in Resources */,
				04D2F3461C1BBEE1004673D5 /* news@2x.png in Resources */,
			);
			runOnlyForDeploymentPostprocessing = 0;
		};
		04D2F3221C1BB254004673D5 /* Resources */ = {
			isa = PBXResourcesBuildPhase;
			buildActionMask = 2147483647;
			files = (
				04D2F3301C1BB254004673D5 /* InfoPlist.strings in Resources */,
			);
			runOnlyForDeploymentPostprocessing = 0;
		};
/* End PBXResourcesBuildPhase section */

/* Begin PBXSourcesBuildPhase section */
		04D2F2FF1C1BB254004673D5 /* Sources */ = {
			isa = PBXSourcesBuildPhase;
			buildActionMask = 2147483647;
			files = (
				04D2F3431C1BB87D004673D5 /* SecondViewController.m in Sources */,
				04D2F31D1C1BB254004673D5 /* ViewController.m in Sources */,
				04D2F34C1C1BC5AF004673D5 /* ThirdViewController.m in Sources */,
				04D2F3171C1BB254004673D5 /* AppDelegate.m in Sources */,
				04D2F3131C1BB254004673D5 /* main.m in Sources */,
				04D2F33E1C1BB86D004673D5 /* FirstViewController.m in Sources */,
			);
			runOnlyForDeploymentPostprocessing = 0;
		};
		04D2F3201C1BB254004673D5 /* Sources */ = {
			isa = PBXSourcesBuildPhase;
			buildActionMask = 2147483647;
			files = (
				04D2F3321C1BB254004673D5 /* UIBarTests.m in Sources */,
			);
			runOnlyForDeploymentPostprocessing = 0;
		};
/* End PBXSourcesBuildPhase section */

/* Begin PBXTargetDependency section */
		04D2F32A1C1BB254004673D5 /* PBXTargetDependency */ = {
			isa = PBXTargetDependency;
			target = 04D2F3021C1BB254004673D5 /* UIBar */;
			targetProxy = 04D2F3291C1BB254004673D5 /* PBXContainerItemProxy */;
		};
/* End PBXTargetDependency section */

/* Begin PBXVariantGroup section */
		04D2F30F1C1BB254004673D5 /* InfoPlist.strings */ = {
			isa = PBXVariantGroup;
			children = (
				04D2F3101C1BB254004673D5 /* en */,
			);
			name = InfoPlist.strings;
			sourceTree = "<group>";
		};
		04D2F3181C1BB254004673D5 /* Main.storyboard */ = {
			isa = PBXVariantGroup;
			children = (
				04D2F3191C1BB254004673D5 /* Base */,
			);
			name = Main.storyboard;
			sourceTree = "<group>";
		};
		04D2F32E1C1BB254004673D5 /* InfoPlist.strings */ = {
			isa = PBXVariantGroup;
			children = (
				04D2F32F1C1BB254004673D5 /* en */,
			);
			name = InfoPlist.strings;
			sourceTree = "<group>";
		};
/* End PBXVariantGroup section */

/* Begin XCBuildConfiguration section */
		04D2F3331C1BB254004673D5 /* Debug */ = {
			isa = XCBuildConfiguration;
			buildSettings = {
				ALWAYS_SEARCH_USER_PATHS = NO;
				CLANG_CXX_LANGUAGE_STANDARD = "gnu++0x";
				CLANG_CXX_LIBRARY = "libc++";
				CLANG_ENABLE_MODULES = YES;
				CLANG_ENABLE_OBJC_ARC = YES;
				CLANG_WARN_BOOL_CONVERSION = YES;
				CLANG_WARN_CONSTANT_CONVERSION = YES;
				CLANG_WARN_DIRECT_OBJC_ISA_USAGE = YES_ERROR;
				CLANG_WARN_EMPTY_BODY = YES;
				CLANG_WARN_ENUM_CONVERSION = YES;
				CLANG_WARN_INT_CONVERSION = YES;
				CLANG_WARN_OBJC_ROOT_CLASS = YES_ERROR;
				CLANG_WARN__DUPLICATE_METHOD_MATCH = YES;
				"CODE_SIGN_IDENTITY[sdk=iphoneos*]" = "iPhone Developer";
				COPY_PHASE_STRIP = NO;
				GCC_C_LANGUAGE_STANDARD = gnu99;
				GCC_DYNAMIC_NO_PIC = NO;
				GCC_OPTIMIZATION_LEVEL = 0;
				GCC_PREPROCESSOR_DEFINITIONS = (
					"DEBUG=1",
					"$(inherited)",
				);
				GCC_SYMBOLS_PRIVATE_EXTERN = NO;
				GCC_WARN_64_TO_32_BIT_CONVERSION = YES;
				GCC_WARN_ABOUT_RETURN_TYPE = YES_ERROR;
				GCC_WARN_UNDECLARED_SELECTOR = YES;
				GCC_WARN_UNINITIALIZED_AUTOS = YES_AGGRESSIVE;
				GCC_WARN_UNUSED_FUNCTION = YES;
				GCC_WARN_UNUSED_VARIABLE = YES;
				IPHONEOS_DEPLOYMENT_TARGET = 7.1;
				ONLY_ACTIVE_ARCH = YES;
				SDKROOT = iphoneos;
			};
			name = Debug;
		};
		04D2F3341C1BB254004673D5 /* Release */ = {
			isa = XCBuildConfiguration;
			buildSettings = {
				ALWAYS_SEARCH_USER_PATHS = NO;
				CLANG_CXX_LANGUAGE_STANDARD = "gnu++0x";
				CLANG_CXX_LIBRARY = "libc++";
				CLANG_ENABLE_MODULES = YES;
				CLANG_ENABLE_OBJC_ARC = YES;
				CLANG_WARN_BOOL_CONVERSION = YES;
				CLANG_WARN_CONSTANT_CONVERSION = YES;
				CLANG_WARN_DIRECT_OBJC_ISA_USAGE = YES_ERROR;
				CLANG_WARN_EMPTY_BODY = YES;
				CLANG_WARN_ENUM_CONVERSION = YES;
				CLANG_WARN_INT_CONVERSION = YES;
				CLANG_WARN_OBJC_ROOT_CLASS = YES_ERROR;
				CLANG_WARN__DUPLICATE_METHOD_MATCH = YES;
				"CODE_SIGN_IDENTITY[sdk=iphoneos*]" = "iPhone Developer";
				COPY_PHASE_STRIP = YES;
				ENABLE_NS_ASSERTIONS = NO;
				GCC_C_LANGUAGE_STANDARD = gnu99;
				GCC_WARN_64_TO_32_BIT_CONVERSION = YES;
				GCC_WARN_ABOUT_RETURN_TYPE = YES_ERROR;
				GCC_WARN_UNDECLARED_SELECTOR = YES;
				GCC_WARN_UNINITIALIZED_AUTOS = YES_AGGRESSIVE;
				GCC_WARN_UNUSED_FUNCTION = YES;
				GCC_WARN_UNUSED_VARIABLE = YES;
				IPHONEOS_DEPLOYMENT_TARGET = 7.1;
				SDKROOT = iphoneos;
				VALIDATE_PRODUCT = YES;
			};
			name = Release;
		};
		04D2F3361C1BB254004673D5 /* Debug */ = {
			isa = XCBuildConfiguration;
			buildSettings = {
				ASSETCATALOG_COMPILER_APPICON_NAME = AppIcon;
				ASSETCATALOG_COMPILER_LAUNCHIMAGE_NAME = LaunchImage;
				CLANG_ENABLE_OBJC_ARC = NO;
				GCC_PRECOMPILE_PREFIX_HEADER = YES;
				GCC_PREFIX_HEADER = "UIBar/UIBar-Prefix.pch";
				INFOPLIST_FILE = "UIBar/UIBar-Info.plist";
				PRODUCT_NAME = "$(TARGET_NAME)";
				WRAPPER_EXTENSION = app;
			};
			name = Debug;
		};
		04D2F3371C1BB254004673D5 /* Release */ = {
			isa = XCBuildConfiguration;
			buildSettings = {
				ASSETCATALOG_COMPILER_APPICON_NAME = AppIcon;
				ASSETCATALOG_COMPILER_LAUNCHIMAGE_NAME = LaunchImage;
				CLANG_ENABLE_OBJC_ARC = NO;
				GCC_PRECOMPILE_PREFIX_HEADER = YES;
				GCC_PREFIX_HEADER = "UIBar/UIBar-Prefix.pch";
				INFOPLIST_FILE = "UIBar/UIBar-Info.plist";
				PRODUCT_NAME = "$(TARGET_NAME)";
				WRAPPER_EXTENSION = app;
			};
			name = Release;
		};
		04D2F3391C1BB254004673D5 /* Debug */ = {
			isa = XCBuildConfiguration;
			buildSettings = {
				BUNDLE_LOADER = "$(BUILT_PRODUCTS_DIR)/UIBar.app/UIBar";
				FRAMEWORK_SEARCH_PATHS = (
					"$(SDKROOT)/Developer/Library/Frameworks",
					"$(inherited)",
					"$(DEVELOPER_FRAMEWORKS_DIR)",
				);
				GCC_PRECOMPILE_PREFIX_HEADER = YES;
				GCC_PREFIX_HEADER = "UIBar/UIBar-Prefix.pch";
				GCC_PREPROCESSOR_DEFINITIONS = (
					"DEBUG=1",
					"$(inherited)",
				);
				INFOPLIST_FILE = "UIBarTests/UIBarTests-Info.plist";
				PRODUCT_NAME = "$(TARGET_NAME)";
				TEST_HOST = "$(BUNDLE_LOADER)";
				WRAPPER_EXTENSION = xctest;
			};
			name = Debug;
		};
		04D2F33A1C1BB254004673D5 /* Release */ = {
			isa = XCBuildConfiguration;
			buildSettings = {
				BUNDLE_LOADER = "$(BUILT_PRODUCTS_DIR)/UIBar.app/UIBar";
				FRAMEWORK_SEARCH_PATHS = (
					"$(SDKROOT)/Developer/Library/Frameworks",
					"$(inherited)",
					"$(DEVELOPER_FRAMEWORKS_DIR)",
				);
				GCC_PRECOMPILE_PREFIX_HEADER = YES;
				GCC_PREFIX_HEADER = "UIBar/UIBar-Prefix.pch";
				INFOPLIST_FILE = "UIBarTests/UIBarTests-Info.plist";
				PRODUCT_NAME = "$(TARGET_NAME)";
				TEST_HOST = "$(BUNDLE_LOADER)";
				WRAPPER_EXTENSION = xctest;
			};
			name = Release;
		};
/* End XCBuildConfiguration section */

/* Begin XCConfigurationList section */
		04D2F2FE1C1BB254004673D5 /* Build configuration list for PBXProject "UIBar" */ = {
			isa = XCConfigurationList;
			buildConfigurations = (
				04D2F3331C1BB254004673D5 /* Debug */,
				04D2F3341C1BB254004673D5 /* Release */,
			);
			defaultConfigurationIsVisible = 0;
			defaultConfigurationName = Release;
		};
		04D2F3351C1BB254004673D5 /* Build configuration list for PBXNativeTarget "UIBar" */ = {
			isa = XCConfigurationList;
			buildConfigurations = (
				04D2F3361C1BB254004673D5 /* Debug */,
				04D2F3371C1BB254004673D5 /* Release */,
			);
			defaultConfigurationIsVisible = 0;
		};
		04D2F3381C1BB254004673D5 /* Build configuration list for PBXNativeTarget "UIBarTests" */ = {
			isa = XCConfigurationList;
			buildConfigurations = (
				04D2F3391C1BB254004673D5 /* Debug */,
				04D2F33A1C1BB254004673D5 /* Release */,
			);
			defaultConfigurationIsVisible = 0;
		};
/* End XCConfigurationList section */
	};
	rootObject = 04D2F2FB1C1BB254004673D5 /* Project object */;
}
